
Microsoft Visual Studio Solution File, Format Version 12.00
# Visual Studio Version 16
VisualStudioVersion = 16.0.32901.82
MinimumVisualStudioVersion = 10.0.40219.1
Project("{9A19103F-16F7-4668-BE54-9A1E7A4F7556}") = "boolean_table_work_without_brackets", "boolean_table_work_without_brackets\boolean_table_work_without_brackets.csproj", "{5A5B22B0-B2C8-4751-A6C1-AB2C6B0ED9FE}"
EndProject
Project("{FAE04EC0-301F-11D3-BF4B-00C04F79EFBC}") = "sets_start", "sets_start\sets_start.csproj", "{FBAB39C0-9FB5-465B-A71A-ACE5D0282107}"
EndProject
Project("{9A19103F-16F7-4668-BE54-9A1E7A4F7556}") = "boolean_table", "boolean_table\boolean_table.csproj", "{A38DF423-A07B-4E90-B2C4-F7C2AC0EBDF4}"
EndProject
Project("{2150E333-8FDC-42A3-9474-1A3956D46DE8}") = "old", "old", "{924E65F3-500C-44A7-AEE9-BD97E75D967D}"
EndProject
Global
	GlobalSection(SolutionConfigurationPlatforms) = preSolution
		Debug|Any CPU = Debug|Any CPU
		Release|Any CPU = Release|Any CPU
	EndGlobalSection
	GlobalSection(ProjectConfigurationPlatforms) = postSolution
		{5A5B22B0-B2C8-4751-A6C1-AB2C6B0ED9FE}.Debug|Any CPU.ActiveCfg = Debug|Any CPU
		{5A5B22B0-B2C8-4751-A6C1-AB2C6B0ED9FE}.Debug|Any CPU.Build.0 = Debug|Any CPU
		{5A5B22B0-B2C8-4751-A6C1-AB2C6B0ED9FE}.Release|Any CPU.ActiveCfg = Release|Any CPU
		{5A5B22B0-B2C8-4751-A6C1-AB2C6B0ED9FE}.Release|Any CPU.Build.0 = Release|Any CPU
		{FBAB39C0-9FB5-465B-A71A-ACE5D0282107}.Debug|Any CPU.ActiveCfg = Debug|Any CPU
		{FBAB39C0-9FB5-465B-A71A-ACE5D0282107}.Debug|Any CPU.Build.0 = Debug|Any CPU
		{FBAB39C0-9FB5-465B-A71A-ACE5D0282107}.Release|Any CPU.ActiveCfg = Release|Any CPU
		{FBAB39C0-9FB5-465B-A71A-ACE5D0282107}.Release|Any CPU.Build.0 = Release|Any CPU
		{A38DF423-A07B-4E90-B2C4-F7C2AC0EBDF4}.Debug|Any CPU.ActiveCfg = Debug|Any CPU
		{A38DF423-A07B-4E90-B2C4-F7C2AC0EBDF4}.Debug|Any CPU.Build.0 = Debug|Any CPU
		{A38DF423-A07B-4E90-B2C4-F7C2AC0EBDF4}.Release|Any CPU.ActiveCfg = Release|Any CPU
		{A38DF423-A07B-4E90-B2C4-F7C2AC0EBDF4}.Release|Any CPU.Build.0 = Release|Any CPU
	EndGlobalSection
	GlobalSection(SolutionProperties) = preSolution
		HideSolutionNode = FALSE
	EndGlobalSection
	GlobalSection(NestedProjects) = preSolution
		{5A5B22B0-B2C8-4751-A6C1-AB2C6B0ED9FE} = {924E65F3-500C-44A7-AEE9-BD97E75D967D}
		{FBAB39C0-9FB5-465B-A71A-ACE5D0282107} = {924E65F3-500C-44A7-AEE9-BD97E75D967D}
	EndGlobalSection
	GlobalSection(ExtensibilityGlobals) = postSolution
		SolutionGuid = {2FC48817-CC79-4802-851F-7F2A07536D26}
	EndGlobalSection
EndGlobal
